{
  "name": "just try",
  "lockfileVersion": 2,
  "requires": true,
  "packages": {
    "": {
      "dependencies": {
        "wavesurfer.js": "^2.0.0-beta01"
      }
    },
    "node_modules/wavesurfer.js": {
      "version": "2.0.0-beta01",
      "resolved": "https://registry.npmjs.org/wavesurfer.js/-/wavesurfer.js-2.0.0-beta01.tgz",
      "integrity": "sha1-vr56I0YFrMTTyngVGDj9szCE5d0="
    }
  },
  "dependencies": {
    "wavesurfer.js": {
      "version": "2.0.0-beta01",
      "resolved": "https://registry.npmjs.org/wavesurfer.js/-/wavesurfer.js-2.0.0-beta01.tgz",
      "integrity": "sha1-vr56I0YFrMTTyngVGDj9szCE5d0="
    }
  }
}
